
Microsoft Visual Studio Solution File, Format Version 12.00
# Visual Studio Version 16
VisualStudioVersion = 16.0.29102.190
MinimumVisualStudioVersion = 10.0.40219.1
Project("{FAE04EC0-301F-11D3-BF4B-00C04F79EFBC}") = "AutomatedTellerMachine", "AutomatedTellerMachine\AutomatedTellerMachine.csproj", "{13877F1E-9D5C-4B07-A4BA-FD40C85CE433}"
EndProject
Project("{FAE04EC0-301F-11D3-BF4B-00C04F79EFBC}") = "AutomatedTellerMachine.Tests", "AutomatedTellerMachine.Tests\AutomatedTellerMachine.Tests.csproj", "{236975DD-57DC-4390-8775-30BD6ACEF7E8}"
EndProject
Global
	GlobalSection(SolutionConfigurationPlatforms) = preSolution
		Debug|Any CPU = Debug|Any CPU
		Release|Any CPU = Release|Any CPU
	EndGlobalSection
	GlobalSection(ProjectConfigurationPlatforms) = postSolution
		{13877F1E-9D5C-4B07-A4BA-FD40C85CE433}.Debug|Any CPU.ActiveCfg = Debug|Any CPU
		{13877F1E-9D5C-4B07-A4BA-FD40C85CE433}.Debug|Any CPU.Build.0 = Debug|Any CPU
		{13877F1E-9D5C-4B07-A4BA-FD40C85CE433}.Release|Any CPU.ActiveCfg = Release|Any CPU
		{13877F1E-9D5C-4B07-A4BA-FD40C85CE433}.Release|Any CPU.Build.0 = Release|Any CPU
		{236975DD-57DC-4390-8775-30BD6ACEF7E8}.Debug|Any CPU.ActiveCfg = Debug|Any CPU
		{236975DD-57DC-4390-8775-30BD6ACEF7E8}.Debug|Any CPU.Build.0 = Debug|Any CPU
		{236975DD-57DC-4390-8775-30BD6ACEF7E8}.Release|Any CPU.ActiveCfg = Release|Any CPU
		{236975DD-57DC-4390-8775-30BD6ACEF7E8}.Release|Any CPU.Build.0 = Release|Any CPU
	EndGlobalSection
	GlobalSection(SolutionProperties) = preSolution
		HideSolutionNode = FALSE
	EndGlobalSection
	GlobalSection(ExtensibilityGlobals) = postSolution
		SolutionGuid = {5BDC5221-0ACF-4FD3-A8C8-A0494BDA1619}
	EndGlobalSection
EndGlobal
